
Microsoft Visual Studio Solution File, Format Version 12.00
# Visual Studio Version 17
VisualStudioVersion = 17.12.35521.163 d17.12
MinimumVisualStudioVersion = 10.0.40219.1
Project("{FAE04EC0-301F-11D3-BF4B-00C04F79EFBC}") = "Training2", "Training2\Training2.csproj", "{CB8DC214-3906-4C61-B0CC-CF8B22450E75}"
EndProject
Project("{FAE04EC0-301F-11D3-BF4B-00C04F79EFBC}") = "Caculatorlib", "Caculatorlib\Caculatorlib.csproj", "{2D88772B-6AFE-4249-A027-01DC49918C64}"
EndProject
Global
	GlobalSection(SolutionConfigurationPlatforms) = preSolution
		Debug|Any CPU = Debug|Any CPU
		Release|Any CPU = Release|Any CPU
	EndGlobalSection
	GlobalSection(ProjectConfigurationPlatforms) = postSolution
		{CB8DC214-3906-4C61-B0CC-CF8B22450E75}.Debug|Any CPU.ActiveCfg = Debug|Any CPU
		{CB8DC214-3906-4C61-B0CC-CF8B22450E75}.Debug|Any CPU.Build.0 = Debug|Any CPU
		{CB8DC214-3906-4C61-B0CC-CF8B22450E75}.Release|Any CPU.ActiveCfg = Release|Any CPU
		{CB8DC214-3906-4C61-B0CC-CF8B22450E75}.Release|Any CPU.Build.0 = Release|Any CPU
		{2D88772B-6AFE-4249-A027-01DC49918C64}.Debug|Any CPU.ActiveCfg = Debug|Any CPU
		{2D88772B-6AFE-4249-A027-01DC49918C64}.Debug|Any CPU.Build.0 = Debug|Any CPU
		{2D88772B-6AFE-4249-A027-01DC49918C64}.Release|Any CPU.ActiveCfg = Release|Any CPU
		{2D88772B-6AFE-4249-A027-01DC49918C64}.Release|Any CPU.Build.0 = Release|Any CPU
	EndGlobalSection
	GlobalSection(SolutionProperties) = preSolution
		HideSolutionNode = FALSE
	EndGlobalSection
EndGlobal
